
Microsoft Visual Studio Solution File, Format Version 12.00
# Visual Studio Version 17
VisualStudioVersion = 17.14.36221.1 d17.14
MinimumVisualStudioVersion = 10.0.40219.1
Project("{FAE04EC0-301F-11D3-BF4B-00C04F79EFBC}") = "ConsoleApp1", "ConsoleApp1.csproj", "{E27C4314-BDCD-4FD4-BCE5-97984E1489B8}"
EndProject
Global
	GlobalSection(SolutionConfigurationPlatforms) = preSolution
		Debug|Any CPU = Debug|Any CPU
		Release|Any CPU = Release|Any CPU
	EndGlobalSection
	GlobalSection(ProjectConfigurationPlatforms) = postSolution
		{E27C4314-BDCD-4FD4-BCE5-97984E1489B8}.Debug|Any CPU.ActiveCfg = Debug|Any CPU
		{E27C4314-BDCD-4FD4-BCE5-97984E1489B8}.Debug|Any CPU.Build.0 = Debug|Any CPU
		{E27C4314-BDCD-4FD4-BCE5-97984E1489B8}.Release|Any CPU.ActiveCfg = Release|Any CPU
		{E27C4314-BDCD-4FD4-BCE5-97984E1489B8}.Release|Any CPU.Build.0 = Release|Any CPU
	EndGlobalSection
	GlobalSection(SolutionProperties) = preSolution
		HideSolutionNode = FALSE
	EndGlobalSection
	GlobalSection(ExtensibilityGlobals) = postSolution
		SolutionGuid = {BFBF4242-07BF-495C-AAE6-8D0B29B3D1D4}
	EndGlobalSection
EndGlobal
